
Microsoft Visual Studio Solution File, Format Version 12.00
# Visual Studio Version 17
VisualStudioVersion = 17.12.35527.113
MinimumVisualStudioVersion = 10.0.40219.1
Project("{8BC9CEB8-8B4A-11D0-8D11-00A0C91BC942}") = "2.VectorProblem", "2.VectorProblem\2.VectorProblem.vcxproj", "{53412330-24C9-4D13-8008-79F461EB7488}"
EndProject
Project("{8BC9CEB8-8B4A-11D0-8D11-00A0C91BC942}") = "1.Vector", "1.Vector\1.Vector.vcxproj", "{67790C8B-F3C3-4D5B-A172-0D5DBCBA0958}"
EndProject
Project("{8BC9CEB8-8B4A-11D0-8D11-00A0C91BC942}") = "3.List", "3.List\3.List.vcxproj", "{E903573B-9212-420F-ABA5-8C65642CB742}"
EndProject
Project("{8BC9CEB8-8B4A-11D0-8D11-00A0C91BC942}") = "4.ListProblem1", "4.ListProblem1\4.ListProblem1.vcxproj", "{5167BAA4-9604-477B-8E6A-13B6D00C8F21}"
EndProject
Project("{8BC9CEB8-8B4A-11D0-8D11-00A0C91BC942}") = "5.Deque", "5.Deque\5.Deque.vcxproj", "{6EFF330E-6394-4E50-A54C-2FF0B14FDAFF}"
EndProject
Project("{8BC9CEB8-8B4A-11D0-8D11-00A0C91BC942}") = "6.Unordered_Map", "6.Unordered_Map\6.Unordered_Map.vcxproj", "{557B9DF7-2885-4854-8F05-0973DDE64460}"
EndProject
Project("{8BC9CEB8-8B4A-11D0-8D11-00A0C91BC942}") = "7.Map", "7.Map\7.Map.vcxproj", "{2954543F-6BFB-46CC-8B64-47CBB85BF58F}"
EndProject
Global
	GlobalSection(SolutionConfigurationPlatforms) = preSolution
		Debug|x64 = Debug|x64
		Debug|x86 = Debug|x86
		Release|x64 = Release|x64
		Release|x86 = Release|x86
	EndGlobalSection
	GlobalSection(ProjectConfigurationPlatforms) = postSolution
		{53412330-24C9-4D13-8008-79F461EB7488}.Debug|x64.ActiveCfg = Debug|x64
		{53412330-24C9-4D13-8008-79F461EB7488}.Debug|x64.Build.0 = Debug|x64
		{53412330-24C9-4D13-8008-79F461EB7488}.Debug|x86.ActiveCfg = Debug|Win32
		{53412330-24C9-4D13-8008-79F461EB7488}.Debug|x86.Build.0 = Debug|Win32
		{53412330-24C9-4D13-8008-79F461EB7488}.Release|x64.ActiveCfg = Release|x64
		{53412330-24C9-4D13-8008-79F461EB7488}.Release|x64.Build.0 = Release|x64
		{53412330-24C9-4D13-8008-79F461EB7488}.Release|x86.ActiveCfg = Release|Win32
		{53412330-24C9-4D13-8008-79F461EB7488}.Release|x86.Build.0 = Release|Win32
		{67790C8B-F3C3-4D5B-A172-0D5DBCBA0958}.Debug|x64.ActiveCfg = Debug|x64
		{67790C8B-F3C3-4D5B-A172-0D5DBCBA0958}.Debug|x64.Build.0 = Debug|x64
		{67790C8B-F3C3-4D5B-A172-0D5DBCBA0958}.Debug|x86.ActiveCfg = Debug|Win32
		{67790C8B-F3C3-4D5B-A172-0D5DBCBA0958}.Debug|x86.Build.0 = Debug|Win32
		{67790C8B-F3C3-4D5B-A172-0D5DBCBA0958}.Release|x64.ActiveCfg = Release|x64
		{67790C8B-F3C3-4D5B-A172-0D5DBCBA0958}.Release|x64.Build.0 = Release|x64
		{67790C8B-F3C3-4D5B-A172-0D5DBCBA0958}.Release|x86.ActiveCfg = Release|Win32
		{67790C8B-F3C3-4D5B-A172-0D5DBCBA0958}.Release|x86.Build.0 = Release|Win32
		{E903573B-9212-420F-ABA5-8C65642CB742}.Debug|x64.ActiveCfg = Debug|x64
		{E903573B-9212-420F-ABA5-8C65642CB742}.Debug|x64.Build.0 = Debug|x64
		{E903573B-9212-420F-ABA5-8C65642CB742}.Debug|x86.ActiveCfg = Debug|Win32
		{E903573B-9212-420F-ABA5-8C65642CB742}.Debug|x86.Build.0 = Debug|Win32
		{E903573B-9212-420F-ABA5-8C65642CB742}.Release|x64.ActiveCfg = Release|x64
		{E903573B-9212-420F-ABA5-8C65642CB742}.Release|x64.Build.0 = Release|x64
		{E903573B-9212-420F-ABA5-8C65642CB742}.Release|x86.ActiveCfg = Release|Win32
		{E903573B-9212-420F-ABA5-8C65642CB742}.Release|x86.Build.0 = Release|Win32
		{5167BAA4-9604-477B-8E6A-13B6D00C8F21}.Debug|x64.ActiveCfg = Debug|x64
		{5167BAA4-9604-477B-8E6A-13B6D00C8F21}.Debug|x64.Build.0 = Debug|x64
		{5167BAA4-9604-477B-8E6A-13B6D00C8F21}.Debug|x86.ActiveCfg = Debug|Win32
		{5167BAA4-9604-477B-8E6A-13B6D00C8F21}.Debug|x86.Build.0 = Debug|Win32
		{5167BAA4-9604-477B-8E6A-13B6D00C8F21}.Release|x64.ActiveCfg = Release|x64
		{5167BAA4-9604-477B-8E6A-13B6D00C8F21}.Release|x64.Build.0 = Release|x64
		{5167BAA4-9604-477B-8E6A-13B6D00C8F21}.Release|x86.ActiveCfg = Release|Win32
		{5167BAA4-9604-477B-8E6A-13B6D00C8F21}.Release|x86.Build.0 = Release|Win32
		{6EFF330E-6394-4E50-A54C-2FF0B14FDAFF}.Debug|x64.ActiveCfg = Debug|x64
		{6EFF330E-6394-4E50-A54C-2FF0B14FDAFF}.Debug|x64.Build.0 = Debug|x64
		{6EFF330E-6394-4E50-A54C-2FF0B14FDAFF}.Debug|x86.ActiveCfg = Debug|Win32
		{6EFF330E-6394-4E50-A54C-2FF0B14FDAFF}.Debug|x86.Build.0 = Debug|Win32
		{6EFF330E-6394-4E50-A54C-2FF0B14FDAFF}.Release|x64.ActiveCfg = Release|x64
		{6EFF330E-6394-4E50-A54C-2FF0B14FDAFF}.Release|x64.Build.0 = Release|x64
		{6EFF330E-6394-4E50-A54C-2FF0B14FDAFF}.Release|x86.ActiveCfg = Release|Win32
		{6EFF330E-6394-4E50-A54C-2FF0B14FDAFF}.Release|x86.Build.0 = Release|Win32
		{557B9DF7-2885-4854-8F05-0973DDE64460}.Debug|x64.ActiveCfg = Debug|x64
		{557B9DF7-2885-4854-8F05-0973DDE64460}.Debug|x64.Build.0 = Debug|x64
		{557B9DF7-2885-4854-8F05-0973DDE64460}.Debug|x86.ActiveCfg = Debug|Win32
		{557B9DF7-2885-4854-8F05-0973DDE64460}.Debug|x86.Build.0 = Debug|Win32
		{557B9DF7-2885-4854-8F05-0973DDE64460}.Release|x64.ActiveCfg = Release|x64
		{557B9DF7-2885-4854-8F05-0973DDE64460}.Release|x64.Build.0 = Release|x64
		{557B9DF7-2885-4854-8F05-0973DDE64460}.Release|x86.ActiveCfg = Release|Win32
		{557B9DF7-2885-4854-8F05-0973DDE64460}.Release|x86.Build.0 = Release|Win32
		{2954543F-6BFB-46CC-8B64-47CBB85BF58F}.Debug|x64.ActiveCfg = Debug|x64
		{2954543F-6BFB-46CC-8B64-47CBB85BF58F}.Debug|x64.Build.0 = Debug|x64
		{2954543F-6BFB-46CC-8B64-47CBB85BF58F}.Debug|x86.ActiveCfg = Debug|Win32
		{2954543F-6BFB-46CC-8B64-47CBB85BF58F}.Debug|x86.Build.0 = Debug|Win32
		{2954543F-6BFB-46CC-8B64-47CBB85BF58F}.Release|x64.ActiveCfg = Release|x64
		{2954543F-6BFB-46CC-8B64-47CBB85BF58F}.Release|x64.Build.0 = Release|x64
		{2954543F-6BFB-46CC-8B64-47CBB85BF58F}.Release|x86.ActiveCfg = Release|Win32
		{2954543F-6BFB-46CC-8B64-47CBB85BF58F}.Release|x86.Build.0 = Release|Win32
	EndGlobalSection
	GlobalSection(SolutionProperties) = preSolution
		HideSolutionNode = FALSE
	EndGlobalSection
EndGlobal
